
Microsoft Visual Studio Solution File, Format Version 12.00
# Visual Studio 15
VisualStudioVersion = 15.0.28307.271
MinimumVisualStudioVersion = 10.0.40219.1
Project("{FAE04EC0-301F-11D3-BF4B-00C04F79EFBC}") = "Deliverable2", "Deliverable2\Deliverable2.csproj", "{CC0558B9-4C48-4E8F-A74C-D3D0D2EE07B9}"
EndProject
Global
	GlobalSection(SolutionConfigurationPlatforms) = preSolution
		Debug|Any CPU = Debug|Any CPU
		Release|Any CPU = Release|Any CPU
	EndGlobalSection
	GlobalSection(ProjectConfigurationPlatforms) = postSolution
		{CC0558B9-4C48-4E8F-A74C-D3D0D2EE07B9}.Debug|Any CPU.ActiveCfg = Debug|Any CPU
		{CC0558B9-4C48-4E8F-A74C-D3D0D2EE07B9}.Debug|Any CPU.Build.0 = Debug|Any CPU
		{CC0558B9-4C48-4E8F-A74C-D3D0D2EE07B9}.Release|Any CPU.ActiveCfg = Release|Any CPU
		{CC0558B9-4C48-4E8F-A74C-D3D0D2EE07B9}.Release|Any CPU.Build.0 = Release|Any CPU
	EndGlobalSection
	GlobalSection(SolutionProperties) = preSolution
		HideSolutionNode = FALSE
	EndGlobalSection
	GlobalSection(ExtensibilityGlobals) = postSolution
		SolutionGuid = {C2C6FF72-F7C1-4950-AFF4-FC2EC665B8B4}
	EndGlobalSection
EndGlobal
